
Microsoft Visual Studio Solution File, Format Version 12.00
# Visual Studio Version 16
VisualStudioVersion = 16.0.29009.5
MinimumVisualStudioVersion = 10.0.40219.1
Project("{FAE04EC0-301F-11D3-BF4B-00C04F79EFBC}") = "Calculator", "Calculator\Calculator.csproj", "{21CA4AE2-852F-461B-803D-2FF8163086D4}"
EndProject
Project("{FAE04EC0-301F-11D3-BF4B-00C04F79EFBC}") = "Calculator.Test.Unit", "Calc.Test.Unit\Calculator.Test.Unit.csproj", "{F8A298F0-E236-41C0-9DA0-E9611DBE3134}"
EndProject
Global
	GlobalSection(SolutionConfigurationPlatforms) = preSolution
		Debug|Any CPU = Debug|Any CPU
		Release|Any CPU = Release|Any CPU
	EndGlobalSection
	GlobalSection(ProjectConfigurationPlatforms) = postSolution
		{21CA4AE2-852F-461B-803D-2FF8163086D4}.Debug|Any CPU.ActiveCfg = Debug|Any CPU
		{21CA4AE2-852F-461B-803D-2FF8163086D4}.Debug|Any CPU.Build.0 = Debug|Any CPU
		{21CA4AE2-852F-461B-803D-2FF8163086D4}.Release|Any CPU.ActiveCfg = Release|Any CPU
		{21CA4AE2-852F-461B-803D-2FF8163086D4}.Release|Any CPU.Build.0 = Release|Any CPU
		{F8A298F0-E236-41C0-9DA0-E9611DBE3134}.Debug|Any CPU.ActiveCfg = Debug|Any CPU
		{F8A298F0-E236-41C0-9DA0-E9611DBE3134}.Debug|Any CPU.Build.0 = Debug|Any CPU
		{F8A298F0-E236-41C0-9DA0-E9611DBE3134}.Release|Any CPU.ActiveCfg = Release|Any CPU
		{F8A298F0-E236-41C0-9DA0-E9611DBE3134}.Release|Any CPU.Build.0 = Release|Any CPU
	EndGlobalSection
	GlobalSection(SolutionProperties) = preSolution
		HideSolutionNode = FALSE
	EndGlobalSection
	GlobalSection(ExtensibilityGlobals) = postSolution
		SolutionGuid = {4525C4C3-CC8E-4193-BC78-4E40BA4C85A2}
	EndGlobalSection
EndGlobal
